
Microsoft Visual Studio Solution File, Format Version 12.00
# Visual Studio Version 17
VisualStudioVersion = 17.14.36908.2 d17.14
MinimumVisualStudioVersion = 10.0.40219.1
Project("{FAE04EC0-301F-11D3-BF4B-00C04F79EFBC}") = "SalesWebMvc", "SalesWebMvc\SalesWebMvc.csproj", "{27546212-C5D5-4CFB-BB89-3EFDEBD00D19}"
EndProject
Global
	GlobalSection(SolutionConfigurationPlatforms) = preSolution
		Debug|Any CPU = Debug|Any CPU
		Release|Any CPU = Release|Any CPU
	EndGlobalSection
	GlobalSection(ProjectConfigurationPlatforms) = postSolution
		{27546212-C5D5-4CFB-BB89-3EFDEBD00D19}.Debug|Any CPU.ActiveCfg = Debug|Any CPU
		{27546212-C5D5-4CFB-BB89-3EFDEBD00D19}.Debug|Any CPU.Build.0 = Debug|Any CPU
		{27546212-C5D5-4CFB-BB89-3EFDEBD00D19}.Release|Any CPU.ActiveCfg = Release|Any CPU
		{27546212-C5D5-4CFB-BB89-3EFDEBD00D19}.Release|Any CPU.Build.0 = Release|Any CPU
	EndGlobalSection
	GlobalSection(SolutionProperties) = preSolution
		HideSolutionNode = FALSE
	EndGlobalSection
	GlobalSection(ExtensibilityGlobals) = postSolution
		SolutionGuid = {E4C013A4-241B-49DF-B98D-8525177583A0}
	EndGlobalSection
EndGlobal
